// !$*UTF8*$!
{
	archiveVersion = 1;
	classes = {
	};
	objectVersion = 50;
	objects = {

/* Begin PBXBuildFile section */
		4205D307238F2E3A001C34AA /* SearchScreen.storyboard in Resources */ = {isa = PBXBuildFile; fileRef = 4205D306238F2E3A001C34AA /* SearchScreen.storyboard */; };
		4205D309238F2E51001C34AA /* SearchViewController.swift in Sources */ = {isa = PBXBuildFile; fileRef = 4205D308238F2E51001C34AA /* SearchViewController.swift */; };
		4226AEEE238D142100593D6D /* AppDelegate.swift in Sources */ = {isa = PBXBuildFile; fileRef = 4226AEED238D142100593D6D /* AppDelegate.swift */; };
		4226AEF0238D142100593D6D /* SceneDelegate.swift in Sources */ = {isa = PBXBuildFile; fileRef = 4226AEEF238D142100593D6D /* SceneDelegate.swift */; };
		4226AEF2238D142100593D6D /* ViewController.swift in Sources */ = {isa = PBXBuildFile; fileRef = 4226AEF1238D142100593D6D /* ViewController.swift */; };
		4226AEF7238D142300593D6D /* Assets.xcassets in Resources */ = {isa = PBXBuildFile; fileRef = 4226AEF6238D142300593D6D /* Assets.xcassets */; };
		4226AEFA238D142300593D6D /* LaunchScreen.storyboard in Resources */ = {isa = PBXBuildFile; fileRef = 4226AEF8238D142300593D6D /* LaunchScreen.storyboard */; };
		4226AF08238D192400593D6D /* Main.storyboard in Resources */ = {isa = PBXBuildFile; fileRef = 4226AF07238D192400593D6D /* Main.storyboard */; };
		4226AF0E238D1D1200593D6D /* MoreScreen.storyboard in Resources */ = {isa = PBXBuildFile; fileRef = 4226AF0D238D1D1200593D6D /* MoreScreen.storyboard */; };
		4226AF10238D1D1B00593D6D /* AllScreen.storyboard in Resources */ = {isa = PBXBuildFile; fileRef = 4226AF0F238D1D1B00593D6D /* AllScreen.storyboard */; };
		4226AF12238D1D2500593D6D /* CloudScreen.storyboard in Resources */ = {isa = PBXBuildFile; fileRef = 4226AF11238D1D2500593D6D /* CloudScreen.storyboard */; };
		4226AF14238D1D2B00593D6D /* LocalScreen.storyboard in Resources */ = {isa = PBXBuildFile; fileRef = 4226AF13238D1D2B00593D6D /* LocalScreen.storyboard */; };
		4226AF16238D24A300593D6D /* MoreViewController.swift in Sources */ = {isa = PBXBuildFile; fileRef = 4226AF15238D24A300593D6D /* MoreViewController.swift */; };
		4226AF18238D24B100593D6D /* AllViewController.swift in Sources */ = {isa = PBXBuildFile; fileRef = 4226AF17238D24B100593D6D /* AllViewController.swift */; };
		4226AF1A238D24BA00593D6D /* CloudViewController.swift in Sources */ = {isa = PBXBuildFile; fileRef = 4226AF19238D24BA00593D6D /* CloudViewController.swift */; };
		4226AF1C238D24C300593D6D /* LocalViewController.swift in Sources */ = {isa = PBXBuildFile; fileRef = 4226AF1B238D24C300593D6D /* LocalViewController.swift */; };
		42AABFBA238F126000F33FF2 /* TabbarController.swift in Sources */ = {isa = PBXBuildFile; fileRef = 42AABFB9238F126000F33FF2 /* TabbarController.swift */; };
		42AABFBF238F1B3A00F33FF2 /* Tabbar.swift in Sources */ = {isa = PBXBuildFile; fileRef = 42AABFBE238F1B3A00F33FF2 /* Tabbar.swift */; };
/* End PBXBuildFile section */

/* Begin PBXFileReference section */
		4205D306238F2E3A001C34AA /* SearchScreen.storyboard */ = {isa = PBXFileReference; lastKnownFileType = file.storyboard; path = SearchScreen.storyboard; sourceTree = "<group>"; };
		4205D308238F2E51001C34AA /* SearchViewController.swift */ = {isa = PBXFileReference; lastKnownFileType = sourcecode.swift; path = SearchViewController.swift; sourceTree = "<group>"; };
		4226AEEA238D142100593D6D /* Memery.app */ = {isa = PBXFileReference; explicitFileType = wrapper.application; includeInIndex = 0; path = Memery.app; sourceTree = BUILT_PRODUCTS_DIR; };
		4226AEED238D142100593D6D /* AppDelegate.swift */ = {isa = PBXFileReference; lastKnownFileType = sourcecode.swift; path = AppDelegate.swift; sourceTree = "<group>"; };
		4226AEEF238D142100593D6D /* SceneDelegate.swift */ = {isa = PBXFileReference; lastKnownFileType = sourcecode.swift; path = SceneDelegate.swift; sourceTree = "<group>"; };
		4226AEF1238D142100593D6D /* ViewController.swift */ = {isa = PBXFileReference; lastKnownFileType = sourcecode.swift; path = ViewController.swift; sourceTree = "<group>"; };
		4226AEF6238D142300593D6D /* Assets.xcassets */ = {isa = PBXFileReference; lastKnownFileType = folder.assetcatalog; path = Assets.xcassets; sourceTree = "<group>"; };
		4226AEF9238D142300593D6D /* Base */ = {isa = PBXFileReference; lastKnownFileType = file.storyboard; name = Base; path = Base.lproj/LaunchScreen.storyboard; sourceTree = "<group>"; };
		4226AEFB238D142300593D6D /* Info.plist */ = {isa = PBXFileReference; lastKnownFileType = text.plist.xml; path = Info.plist; sourceTree = "<group>"; };
		4226AF07238D192400593D6D /* Main.storyboard */ = {isa = PBXFileReference; lastKnownFileType = file.storyboard; path = Main.storyboard; sourceTree = "<group>"; };
		4226AF0D238D1D1200593D6D /* MoreScreen.storyboard */ = {isa = PBXFileReference; lastKnownFileType = file.storyboard; path = MoreScreen.storyboard; sourceTree = "<group>"; };
		4226AF0F238D1D1B00593D6D /* AllScreen.storyboard */ = {isa = PBXFileReference; lastKnownFileType = file.storyboard; path = AllScreen.storyboard; sourceTree = "<group>"; };
		4226AF11238D1D2500593D6D /* CloudScreen.storyboard */ = {isa = PBXFileReference; lastKnownFileType = file.storyboard; path = CloudScreen.storyboard; sourceTree = "<group>"; };
		4226AF13238D1D2B00593D6D /* LocalScreen.storyboard */ = {isa = PBXFileReference; lastKnownFileType = file.storyboard; path = LocalScreen.storyboard; sourceTree = "<group>"; };
		4226AF15238D24A300593D6D /* MoreViewController.swift */ = {isa = PBXFileReference; lastKnownFileType = sourcecode.swift; path = MoreViewController.swift; sourceTree = "<group>"; };
		4226AF17238D24B100593D6D /* AllViewController.swift */ = {isa = PBXFileReference; lastKnownFileType = sourcecode.swift; path = AllViewController.swift; sourceTree = "<group>"; };
		4226AF19238D24BA00593D6D /* CloudViewController.swift */ = {isa = PBXFileReference; lastKnownFileType = sourcecode.swift; path = CloudViewController.swift; sourceTree = "<group>"; };
		4226AF1B238D24C300593D6D /* LocalViewController.swift */ = {isa = PBXFileReference; lastKnownFileType = sourcecode.swift; path = LocalViewController.swift; sourceTree = "<group>"; };
		42AABFB9238F126000F33FF2 /* TabbarController.swift */ = {isa = PBXFileReference; lastKnownFileType = sourcecode.swift; path = TabbarController.swift; sourceTree = "<group>"; };
		42AABFBE238F1B3A00F33FF2 /* Tabbar.swift */ = {isa = PBXFileReference; lastKnownFileType = sourcecode.swift; path = Tabbar.swift; sourceTree = "<group>"; };
/* End PBXFileReference section */

/* Begin PBXFrameworksBuildPhase section */
		4226AEE7238D142100593D6D /* Frameworks */ = {
			isa = PBXFrameworksBuildPhase;
			buildActionMask = 2147483647;
			files = (
			);
			runOnlyForDeploymentPostprocessing = 0;
		};
/* End PBXFrameworksBuildPhase section */

/* Begin PBXGroup section */
		4205D305238F2E22001C34AA /* SearchScreen */ = {
			isa = PBXGroup;
			children = (
				4205D306238F2E3A001C34AA /* SearchScreen.storyboard */,
				4205D308238F2E51001C34AA /* SearchViewController.swift */,
			);
			path = SearchScreen;
			sourceTree = "<group>";
		};
		4226AEE1238D142100593D6D = {
			isa = PBXGroup;
			children = (
				4226AEEC238D142100593D6D /* Memery */,
				4226AEEB238D142100593D6D /* Products */,
			);
			sourceTree = "<group>";
		};
		4226AEEB238D142100593D6D /* Products */ = {
			isa = PBXGroup;
			children = (
				4226AEEA238D142100593D6D /* Memery.app */,
			);
			name = Products;
			sourceTree = "<group>";
		};
		4226AEEC238D142100593D6D /* Memery */ = {
			isa = PBXGroup;
			children = (
				42AABFB8238F123600F33FF2 /* CustomUI */,
				4226AF03238D185800593D6D /* Controller */,
				4226AF02238D185200593D6D /* View */,
				4226AF01238D184700593D6D /* Model */,
				4226AEED238D142100593D6D /* AppDelegate.swift */,
				4226AEEF238D142100593D6D /* SceneDelegate.swift */,
				4226AEF1238D142100593D6D /* ViewController.swift */,
				4226AEF6238D142300593D6D /* Assets.xcassets */,
				4226AEF8238D142300593D6D /* LaunchScreen.storyboard */,
				4226AEFB238D142300593D6D /* Info.plist */,
			);
			path = Memery;
			sourceTree = "<group>";
		};
		4226AF01238D184700593D6D /* Model */ = {
			isa = PBXGroup;
			children = (
			);
			path = Model;
			sourceTree = "<group>";
		};
		4226AF02238D185200593D6D /* View */ = {
			isa = PBXGroup;
			children = (
			);
			path = View;
			sourceTree = "<group>";
		};
		4226AF03238D185800593D6D /* Controller */ = {
			isa = PBXGroup;
			children = (
				4205D305238F2E22001C34AA /* SearchScreen */,
				4226AF0C238D1CF200593D6D /* MoreScreen */,
				4226AF0B238D1CEA00593D6D /* AllScreen */,
				4226AF0A238D1CE200593D6D /* CloudScreen */,
				4226AF09238D1CC300593D6D /* LocalScreen */,
				4226AF04238D186800593D6D /* Tabbar */,
			);
			path = Controller;
			sourceTree = "<group>";
		};
		4226AF04238D186800593D6D /* Tabbar */ = {
			isa = PBXGroup;
			children = (
				42AABFB9238F126000F33FF2 /* TabbarController.swift */,
				4226AF07238D192400593D6D /* Main.storyboard */,
			);
			path = Tabbar;
			sourceTree = "<group>";
		};
		4226AF09238D1CC300593D6D /* LocalScreen */ = {
			isa = PBXGroup;
			children = (
				4226AF13238D1D2B00593D6D /* LocalScreen.storyboard */,
				4226AF1B238D24C300593D6D /* LocalViewController.swift */,
			);
			path = LocalScreen;
			sourceTree = "<group>";
		};
		4226AF0A238D1CE200593D6D /* CloudScreen */ = {
			isa = PBXGroup;
			children = (
				4226AF11238D1D2500593D6D /* CloudScreen.storyboard */,
				4226AF19238D24BA00593D6D /* CloudViewController.swift */,
			);
			path = CloudScreen;
			sourceTree = "<group>";
		};
		4226AF0B238D1CEA00593D6D /* AllScreen */ = {
			isa = PBXGroup;
			children = (
				4226AF0F238D1D1B00593D6D /* AllScreen.storyboard */,
				4226AF17238D24B100593D6D /* AllViewController.swift */,
			);
			path = AllScreen;
			sourceTree = "<group>";
		};
		4226AF0C238D1CF200593D6D /* MoreScreen */ = {
			isa = PBXGroup;
			children = (
				4226AF0D238D1D1200593D6D /* MoreScreen.storyboard */,
				4226AF15238D24A300593D6D /* MoreViewController.swift */,
			);
			path = MoreScreen;
			sourceTree = "<group>";
		};
		42AABFB8238F123600F33FF2 /* CustomUI */ = {
			isa = PBXGroup;
			children = (
				42AABFBE238F1B3A00F33FF2 /* Tabbar.swift */,
			);
			path = CustomUI;
			sourceTree = "<group>";
		};
/* End PBXGroup section */

/* Begin PBXNativeTarget section */
		4226AEE9238D142100593D6D /* Memery */ = {
			isa = PBXNativeTarget;
			buildConfigurationList = 4226AEFE238D142300593D6D /* Build configuration list for PBXNativeTarget "Memery" */;
			buildPhases = (
				4226AEE6238D142100593D6D /* Sources */,
				4226AEE7238D142100593D6D /* Frameworks */,
				4226AEE8238D142100593D6D /* Resources */,
			);
			buildRules = (
			);
			dependencies = (
			);
			name = Memery;
			productName = Memery;
			productReference = 4226AEEA238D142100593D6D /* Memery.app */;
			productType = "com.apple.product-type.application";
		};
/* End PBXNativeTarget section */

/* Begin PBXProject section */
		4226AEE2238D142100593D6D /* Project object */ = {
			isa = PBXProject;
			attributes = {
				LastSwiftUpdateCheck = 1120;
				LastUpgradeCheck = 1120;
				ORGANIZATIONNAME = "Никита";
				TargetAttributes = {
					4226AEE9238D142100593D6D = {
						CreatedOnToolsVersion = 11.2.1;
					};
				};
			};
			buildConfigurationList = 4226AEE5238D142100593D6D /* Build configuration list for PBXProject "Memery" */;
			compatibilityVersion = "Xcode 9.3";
			developmentRegion = en;
			hasScannedForEncodings = 0;
			knownRegions = (
				en,
				Base,
			);
			mainGroup = 4226AEE1238D142100593D6D;
			productRefGroup = 4226AEEB238D142100593D6D /* Products */;
			projectDirPath = "";
			projectRoot = "";
			targets = (
				4226AEE9238D142100593D6D /* Memery */,
			);
		};
/* End PBXProject section */

/* Begin PBXResourcesBuildPhase section */
		4226AEE8238D142100593D6D /* Resources */ = {
			isa = PBXResourcesBuildPhase;
			buildActionMask = 2147483647;
			files = (
				4226AF14238D1D2B00593D6D /* LocalScreen.storyboard in Resources */,
				4226AF08238D192400593D6D /* Main.storyboard in Resources */,
				4226AEFA238D142300593D6D /* LaunchScreen.storyboard in Resources */,
				4226AEF7238D142300593D6D /* Assets.xcassets in Resources */,
				4205D307238F2E3A001C34AA /* SearchScreen.storyboard in Resources */,
				4226AF0E238D1D1200593D6D /* MoreScreen.storyboard in Resources */,
				4226AF10238D1D1B00593D6D /* AllScreen.storyboard in Resources */,
				4226AF12238D1D2500593D6D /* CloudScreen.storyboard in Resources */,
			);
			runOnlyForDeploymentPostprocessing = 0;
		};
/* End PBXResourcesBuildPhase section */

/* Begin PBXSourcesBuildPhase section */
		4226AEE6238D142100593D6D /* Sources */ = {
			isa = PBXSourcesBuildPhase;
			buildActionMask = 2147483647;
			files = (
				4205D309238F2E51001C34AA /* SearchViewController.swift in Sources */,
				4226AF18238D24B100593D6D /* AllViewController.swift in Sources */,
				4226AF1A238D24BA00593D6D /* CloudViewController.swift in Sources */,
				4226AF16238D24A300593D6D /* MoreViewController.swift in Sources */,
				42AABFBF238F1B3A00F33FF2 /* Tabbar.swift in Sources */,
				42AABFBA238F126000F33FF2 /* TabbarController.swift in Sources */,
				4226AEF2238D142100593D6D /* ViewController.swift in Sources */,
				4226AEEE238D142100593D6D /* AppDelegate.swift in Sources */,
				4226AF1C238D24C300593D6D /* LocalViewController.swift in Sources */,
				4226AEF0238D142100593D6D /* SceneDelegate.swift in Sources */,
			);
			runOnlyForDeploymentPostprocessing = 0;
		};
/* End PBXSourcesBuildPhase section */

/* Begin PBXVariantGroup section */
		4226AEF8238D142300593D6D /* LaunchScreen.storyboard */ = {
			isa = PBXVariantGroup;
			children = (
				4226AEF9238D142300593D6D /* Base */,
			);
			name = LaunchScreen.storyboard;
			sourceTree = "<group>";
		};
/* End PBXVariantGroup section */

/* Begin XCBuildConfiguration section */
		4226AEFC238D142300593D6D /* Debug */ = {
			isa = XCBuildConfiguration;
			buildSettings = {
				ALWAYS_SEARCH_USER_PATHS = NO;
				CLANG_ANALYZER_NONNULL = YES;
				CLANG_ANALYZER_NUMBER_OBJECT_CONVERSION = YES_AGGRESSIVE;
				CLANG_CXX_LANGUAGE_STANDARD = "gnu++14";
				CLANG_CXX_LIBRARY = "libc++";
				CLANG_ENABLE_MODULES = YES;
				CLANG_ENABLE_OBJC_ARC = YES;
				CLANG_ENABLE_OBJC_WEAK = YES;
				CLANG_WARN_BLOCK_CAPTURE_AUTORELEASING = YES;
				CLANG_WARN_BOOL_CONVERSION = YES;
				CLANG_WARN_COMMA = YES;
				CLANG_WARN_CONSTANT_CONVERSION = YES;
				CLANG_WARN_DEPRECATED_OBJC_IMPLEMENTATIONS = YES;
				CLANG_WARN_DIRECT_OBJC_ISA_USAGE = YES_ERROR;
				CLANG_WARN_DOCUMENTATION_COMMENTS = YES;
				CLANG_WARN_EMPTY_BODY = YES;
				CLANG_WARN_ENUM_CONVERSION = YES;
				CLANG_WARN_INFINITE_RECURSION = YES;
				CLANG_WARN_INT_CONVERSION = YES;
				CLANG_WARN_NON_LITERAL_NULL_CONVERSION = YES;
				CLANG_WARN_OBJC_IMPLICIT_RETAIN_SELF = YES;
				CLANG_WARN_OBJC_LITERAL_CONVERSION = YES;
				CLANG_WARN_OBJC_ROOT_CLASS = YES_ERROR;
				CLANG_WARN_RANGE_LOOP_ANALYSIS = YES;
				CLANG_WARN_STRICT_PROTOTYPES = YES;
				CLANG_WARN_SUSPICIOUS_MOVE = YES;
				CLANG_WARN_UNGUARDED_AVAILABILITY = YES_AGGRESSIVE;
				CLANG_WARN_UNREACHABLE_CODE = YES;
				CLANG_WARN__DUPLICATE_METHOD_MATCH = YES;
				COPY_PHASE_STRIP = NO;
				DEBUG_INFORMATION_FORMAT = dwarf;
				ENABLE_STRICT_OBJC_MSGSEND = YES;
				ENABLE_TESTABILITY = YES;
				GCC_C_LANGUAGE_STANDARD = gnu11;
				GCC_DYNAMIC_NO_PIC = NO;
				GCC_NO_COMMON_BLOCKS = YES;
				GCC_OPTIMIZATION_LEVEL = 0;
				GCC_PREPROCESSOR_DEFINITIONS = (
					"DEBUG=1",
					"$(inherited)",
				);
				GCC_WARN_64_TO_32_BIT_CONVERSION = YES;
				GCC_WARN_ABOUT_RETURN_TYPE = YES_ERROR;
				GCC_WARN_UNDECLARED_SELECTOR = YES;
				GCC_WARN_UNINITIALIZED_AUTOS = YES_AGGRESSIVE;
				GCC_WARN_UNUSED_FUNCTION = YES;
				GCC_WARN_UNUSED_VARIABLE = YES;
				IPHONEOS_DEPLOYMENT_TARGET = 13.2;
				MTL_ENABLE_DEBUG_INFO = INCLUDE_SOURCE;
				MTL_FAST_MATH = YES;
				ONLY_ACTIVE_ARCH = YES;
				SDKROOT = iphoneos;
				SWIFT_ACTIVE_COMPILATION_CONDITIONS = DEBUG;
				SWIFT_OPTIMIZATION_LEVEL = "-Onone";
			};
			name = Debug;
		};
		4226AEFD238D142300593D6D /* Release */ = {
			isa = XCBuildConfiguration;
			buildSettings = {
				ALWAYS_SEARCH_USER_PATHS = NO;
				CLANG_ANALYZER_NONNULL = YES;
				CLANG_ANALYZER_NUMBER_OBJECT_CONVERSION = YES_AGGRESSIVE;
				CLANG_CXX_LANGUAGE_STANDARD = "gnu++14";
				CLANG_CXX_LIBRARY = "libc++";
				CLANG_ENABLE_MODULES = YES;
				CLANG_ENABLE_OBJC_ARC = YES;
				CLANG_ENABLE_OBJC_WEAK = YES;
				CLANG_WARN_BLOCK_CAPTURE_AUTORELEASING = YES;
				CLANG_WARN_BOOL_CONVERSION = YES;
				CLANG_WARN_COMMA = YES;
				CLANG_WARN_CONSTANT_CONVERSION = YES;
				CLANG_WARN_DEPRECATED_OBJC_IMPLEMENTATIONS = YES;
				CLANG_WARN_DIRECT_OBJC_ISA_USAGE = YES_ERROR;
				CLANG_WARN_DOCUMENTATION_COMMENTS = YES;
				CLANG_WARN_EMPTY_BODY = YES;
				CLANG_WARN_ENUM_CONVERSION = YES;
				CLANG_WARN_INFINITE_RECURSION = YES;
				CLANG_WARN_INT_CONVERSION = YES;
				CLANG_WARN_NON_LITERAL_NULL_CONVERSION = YES;
				CLANG_WARN_OBJC_IMPLICIT_RETAIN_SELF = YES;
				CLANG_WARN_OBJC_LITERAL_CONVERSION = YES;
				CLANG_WARN_OBJC_ROOT_CLASS = YES_ERROR;
				CLANG_WARN_RANGE_LOOP_ANALYSIS = YES;
				CLANG_WARN_STRICT_PROTOTYPES = YES;
				CLANG_WARN_SUSPICIOUS_MOVE = YES;
				CLANG_WARN_UNGUARDED_AVAILABILITY = YES_AGGRESSIVE;
				CLANG_WARN_UNREACHABLE_CODE = YES;
				CLANG_WARN__DUPLICATE_METHOD_MATCH = YES;
				COPY_PHASE_STRIP = NO;
				DEBUG_INFORMATION_FORMAT = "dwarf-with-dsym";
				ENABLE_NS_ASSERTIONS = NO;
				ENABLE_STRICT_OBJC_MSGSEND = YES;
				GCC_C_LANGUAGE_STANDARD = gnu11;
				GCC_NO_COMMON_BLOCKS = YES;
				GCC_WARN_64_TO_32_BIT_CONVERSION = YES;
				GCC_WARN_ABOUT_RETURN_TYPE = YES_ERROR;
				GCC_WARN_UNDECLARED_SELECTOR = YES;
				GCC_WARN_UNINITIALIZED_AUTOS = YES_AGGRESSIVE;
				GCC_WARN_UNUSED_FUNCTION = YES;
				GCC_WARN_UNUSED_VARIABLE = YES;
				IPHONEOS_DEPLOYMENT_TARGET = 13.2;
				MTL_ENABLE_DEBUG_INFO = NO;
				MTL_FAST_MATH = YES;
				SDKROOT = iphoneos;
				SWIFT_COMPILATION_MODE = wholemodule;
				SWIFT_OPTIMIZATION_LEVEL = "-O";
				VALIDATE_PRODUCT = YES;
			};
			name = Release;
		};
		4226AEFF238D142300593D6D /* Debug */ = {
			isa = XCBuildConfiguration;
			buildSettings = {
				ASSETCATALOG_COMPILER_APPICON_NAME = AppIcon;
				CODE_SIGN_STYLE = Automatic;
				INFOPLIST_FILE = Memery/Info.plist;
				LD_RUNPATH_SEARCH_PATHS = (
					"$(inherited)",
					"@executable_path/Frameworks",
				);
				PRODUCT_BUNDLE_IDENTIFIER = dest.Memery;
				PRODUCT_NAME = "$(TARGET_NAME)";
				SWIFT_VERSION = 5.0;
				TARGETED_DEVICE_FAMILY = "1,2";
			};
			name = Debug;
		};
		4226AF00238D142300593D6D /* Release */ = {
			isa = XCBuildConfiguration;
			buildSettings = {
				ASSETCATALOG_COMPILER_APPICON_NAME = AppIcon;
				CODE_SIGN_STYLE = Automatic;
				INFOPLIST_FILE = Memery/Info.plist;
				LD_RUNPATH_SEARCH_PATHS = (
					"$(inherited)",
					"@executable_path/Frameworks",
				);
				PRODUCT_BUNDLE_IDENTIFIER = dest.Memery;
				PRODUCT_NAME = "$(TARGET_NAME)";
				SWIFT_VERSION = 5.0;
				TARGETED_DEVICE_FAMILY = "1,2";
			};
			name = Release;
		};
/* End XCBuildConfiguration section */

/* Begin XCConfigurationList section */
		4226AEE5238D142100593D6D /* Build configuration list for PBXProject "Memery" */ = {
			isa = XCConfigurationList;
			buildConfigurations = (
				4226AEFC238D142300593D6D /* Debug */,
				4226AEFD238D142300593D6D /* Release */,
			);
			defaultConfigurationIsVisible = 0;
			defaultConfigurationName = Release;
		};
		4226AEFE238D142300593D6D /* Build configuration list for PBXNativeTarget "Memery" */ = {
			isa = XCConfigurationList;
			buildConfigurations = (
				4226AEFF238D142300593D6D /* Debug */,
				4226AF00238D142300593D6D /* Release */,
			);
			defaultConfigurationIsVisible = 0;
			defaultConfigurationName = Release;
		};
/* End XCConfigurationList section */
	};
	rootObject = 4226AEE2238D142100593D6D /* Project object */;
}
